
Microsoft Visual Studio Solution File, Format Version 12.00
# Visual Studio Version 17
VisualStudioVersion = 17.7.34202.233
MinimumVisualStudioVersion = 10.0.40219.1
Project("{FAE04EC0-301F-11D3-BF4B-00C04F79EFBC}") = "UsingMapster", "UsingMapster\UsingMapster.csproj", "{DEE1A8DD-B9D8-40DF-AA78-F8E60CC84E21}"
EndProject
Global
	GlobalSection(SolutionConfigurationPlatforms) = preSolution
		Debug|Any CPU = Debug|Any CPU
		Release|Any CPU = Release|Any CPU
	EndGlobalSection
	GlobalSection(ProjectConfigurationPlatforms) = postSolution
		{DEE1A8DD-B9D8-40DF-AA78-F8E60CC84E21}.Debug|Any CPU.ActiveCfg = Debug|Any CPU
		{DEE1A8DD-B9D8-40DF-AA78-F8E60CC84E21}.Debug|Any CPU.Build.0 = Debug|Any CPU
		{DEE1A8DD-B9D8-40DF-AA78-F8E60CC84E21}.Release|Any CPU.ActiveCfg = Release|Any CPU
		{DEE1A8DD-B9D8-40DF-AA78-F8E60CC84E21}.Release|Any CPU.Build.0 = Release|Any CPU
	EndGlobalSection
	GlobalSection(SolutionProperties) = preSolution
		HideSolutionNode = FALSE
	EndGlobalSection
	GlobalSection(ExtensibilityGlobals) = postSolution
		SolutionGuid = {A2F41E9E-ACCB-439C-AD15-47B07CCEA66F}
	EndGlobalSection
EndGlobal
